
Microsoft Visual Studio Solution File, Format Version 12.00
# Visual Studio Version 16
VisualStudioVersion = 16.0.31702.278
MinimumVisualStudioVersion = 10.0.40219.1
Project("{9A19103F-16F7-4668-BE54-9A1E7A4F7556}") = "fanuc", "fanuc\fanuc.csproj", "{F0AA6B89-208E-4BE9-9164-9BC2EA278D7D}"
EndProject
Project("{2150E333-8FDC-42A3-9474-1A3956D46DE8}") = "Solution Items", "Solution Items", "{112260F6-9FB4-4459-B3A5-479FEE2F8B62}"
	ProjectSection(SolutionItems) = preProject
		docker\config.yml = docker\config.yml
		docker-build-arm.bat = docker-build-arm.bat
		docker-build-x64.bat = docker-build-x64.bat
		Dockerfile.ARM-ROMI = Dockerfile.ARM-ROMI
		Dockerfile.LINUX64 = Dockerfile.LINUX64
		docker\nlog.config = docker\nlog.config
	EndProjectSection
EndProject
Global
	GlobalSection(SolutionConfigurationPlatforms) = preSolution
		Debug 32bit|Any CPU = Debug 32bit|Any CPU
		Debug|Any CPU = Debug|Any CPU
		Release|Any CPU = Release|Any CPU
	EndGlobalSection
	GlobalSection(ProjectConfigurationPlatforms) = postSolution
		{F0AA6B89-208E-4BE9-9164-9BC2EA278D7D}.Debug 32bit|Any CPU.ActiveCfg = Debug 32bit|Any CPU
		{F0AA6B89-208E-4BE9-9164-9BC2EA278D7D}.Debug 32bit|Any CPU.Build.0 = Debug 32bit|Any CPU
		{F0AA6B89-208E-4BE9-9164-9BC2EA278D7D}.Debug|Any CPU.ActiveCfg = Debug|Any CPU
		{F0AA6B89-208E-4BE9-9164-9BC2EA278D7D}.Debug|Any CPU.Build.0 = Debug|Any CPU
		{F0AA6B89-208E-4BE9-9164-9BC2EA278D7D}.Release|Any CPU.ActiveCfg = Release|Any CPU
		{F0AA6B89-208E-4BE9-9164-9BC2EA278D7D}.Release|Any CPU.Build.0 = Release|Any CPU
	EndGlobalSection
	GlobalSection(SolutionProperties) = preSolution
		HideSolutionNode = FALSE
	EndGlobalSection
	GlobalSection(ExtensibilityGlobals) = postSolution
		SolutionGuid = {F9096A2A-3C56-4F0C-B1E6-BC4652140B8D}
	EndGlobalSection
EndGlobal
